
Microsoft Visual Studio Solution File, Format Version 12.00
# Visual Studio 15
VisualStudioVersion = 15.0.27428.1
MinimumVisualStudioVersion = 10.0.40219.1
Project("{FAE04EC0-301F-11D3-BF4B-00C04F79EFBC}") = "PROJECT.Data", "PROJECT.Data\PROJECT.Data.csproj", "{7FE21122-F1EF-45E4-A450-77816E070E5D}"
EndProject
Global
	GlobalSection(SolutionConfigurationPlatforms) = preSolution
		Debug|Any CPU = Debug|Any CPU
		Release|Any CPU = Release|Any CPU
	EndGlobalSection
	GlobalSection(ProjectConfigurationPlatforms) = postSolution
		{7FE21122-F1EF-45E4-A450-77816E070E5D}.Debug|Any CPU.ActiveCfg = Debug|Any CPU
		{7FE21122-F1EF-45E4-A450-77816E070E5D}.Debug|Any CPU.Build.0 = Debug|Any CPU
		{7FE21122-F1EF-45E4-A450-77816E070E5D}.Release|Any CPU.ActiveCfg = Release|Any CPU
		{7FE21122-F1EF-45E4-A450-77816E070E5D}.Release|Any CPU.Build.0 = Release|Any CPU
	EndGlobalSection
	GlobalSection(SolutionProperties) = preSolution
		HideSolutionNode = FALSE
	EndGlobalSection
	GlobalSection(ExtensibilityGlobals) = postSolution
		SolutionGuid = {549D99E5-2AB5-4A4F-BB64-C15DDB8EFE09}
	EndGlobalSection
EndGlobal
